
Microsoft Visual Studio Solution File, Format Version 12.00
# Visual Studio 15
VisualStudioVersion = 15.0.27004.2008
MinimumVisualStudioVersion = 10.0.40219.1
Project("{262852C6-CD72-467D-83FE-5EEB1973A190}") = "probe", "probe\probe.jsproj", "{DF7E11FB-FD6E-40DE-B1E3-29D78D485287}"
EndProject
Global
	GlobalSection(SolutionConfigurationPlatforms) = preSolution
		Debug|Android = Debug|Android
		Debug|iOS = Debug|iOS
		Debug|Windows-ARM = Debug|Windows-ARM
		Debug|Windows-x64 = Debug|Windows-x64
		Debug|Windows-x86 = Debug|Windows-x86
		Release|Android = Release|Android
		Release|iOS = Release|iOS
		Release|Windows-ARM = Release|Windows-ARM
		Release|Windows-x64 = Release|Windows-x64
		Release|Windows-x86 = Release|Windows-x86
	EndGlobalSection
	GlobalSection(ProjectConfigurationPlatforms) = postSolution
		{DF7E11FB-FD6E-40DE-B1E3-29D78D485287}.Debug|Android.ActiveCfg = Debug|Android
		{DF7E11FB-FD6E-40DE-B1E3-29D78D485287}.Debug|Android.Build.0 = Debug|Android
		{DF7E11FB-FD6E-40DE-B1E3-29D78D485287}.Debug|Android.Deploy.0 = Debug|Android
		{DF7E11FB-FD6E-40DE-B1E3-29D78D485287}.Debug|iOS.ActiveCfg = Debug|iOS
		{DF7E11FB-FD6E-40DE-B1E3-29D78D485287}.Debug|iOS.Build.0 = Debug|iOS
		{DF7E11FB-FD6E-40DE-B1E3-29D78D485287}.Debug|iOS.Deploy.0 = Debug|iOS
		{DF7E11FB-FD6E-40DE-B1E3-29D78D485287}.Debug|Windows-ARM.ActiveCfg = Debug|Windows-ARM
		{DF7E11FB-FD6E-40DE-B1E3-29D78D485287}.Debug|Windows-ARM.Build.0 = Debug|Windows-ARM
		{DF7E11FB-FD6E-40DE-B1E3-29D78D485287}.Debug|Windows-ARM.Deploy.0 = Debug|Windows-ARM
		{DF7E11FB-FD6E-40DE-B1E3-29D78D485287}.Debug|Windows-x64.ActiveCfg = Debug|Windows-x64
		{DF7E11FB-FD6E-40DE-B1E3-29D78D485287}.Debug|Windows-x64.Build.0 = Debug|Windows-x64
		{DF7E11FB-FD6E-40DE-B1E3-29D78D485287}.Debug|Windows-x64.Deploy.0 = Debug|Windows-x64
		{DF7E11FB-FD6E-40DE-B1E3-29D78D485287}.Debug|Windows-x86.ActiveCfg = Debug|Windows-x86
		{DF7E11FB-FD6E-40DE-B1E3-29D78D485287}.Debug|Windows-x86.Build.0 = Debug|Windows-x86
		{DF7E11FB-FD6E-40DE-B1E3-29D78D485287}.Debug|Windows-x86.Deploy.0 = Debug|Windows-x86
		{DF7E11FB-FD6E-40DE-B1E3-29D78D485287}.Release|Android.ActiveCfg = Release|Android
		{DF7E11FB-FD6E-40DE-B1E3-29D78D485287}.Release|Android.Build.0 = Release|Android
		{DF7E11FB-FD6E-40DE-B1E3-29D78D485287}.Release|Android.Deploy.0 = Release|Android
		{DF7E11FB-FD6E-40DE-B1E3-29D78D485287}.Release|iOS.ActiveCfg = Release|iOS
		{DF7E11FB-FD6E-40DE-B1E3-29D78D485287}.Release|iOS.Build.0 = Release|iOS
		{DF7E11FB-FD6E-40DE-B1E3-29D78D485287}.Release|iOS.Deploy.0 = Release|iOS
		{DF7E11FB-FD6E-40DE-B1E3-29D78D485287}.Release|Windows-ARM.ActiveCfg = Release|Windows-ARM
		{DF7E11FB-FD6E-40DE-B1E3-29D78D485287}.Release|Windows-ARM.Build.0 = Release|Windows-ARM
		{DF7E11FB-FD6E-40DE-B1E3-29D78D485287}.Release|Windows-ARM.Deploy.0 = Release|Windows-ARM
		{DF7E11FB-FD6E-40DE-B1E3-29D78D485287}.Release|Windows-x64.ActiveCfg = Release|Windows-x64
		{DF7E11FB-FD6E-40DE-B1E3-29D78D485287}.Release|Windows-x64.Build.0 = Release|Windows-x64
		{DF7E11FB-FD6E-40DE-B1E3-29D78D485287}.Release|Windows-x64.Deploy.0 = Release|Windows-x64
		{DF7E11FB-FD6E-40DE-B1E3-29D78D485287}.Release|Windows-x86.ActiveCfg = Release|Windows-x86
		{DF7E11FB-FD6E-40DE-B1E3-29D78D485287}.Release|Windows-x86.Build.0 = Release|Windows-x86
		{DF7E11FB-FD6E-40DE-B1E3-29D78D485287}.Release|Windows-x86.Deploy.0 = Release|Windows-x86
	EndGlobalSection
	GlobalSection(SolutionProperties) = preSolution
		HideSolutionNode = FALSE
	EndGlobalSection
	GlobalSection(ExtensibilityGlobals) = postSolution
		SolutionGuid = {C4181315-13FA-4A9B-BC68-73023D7EDB07}
	EndGlobalSection
EndGlobal
